---
lockfileVersion: '9.0'

importers:

  .:
    configDependencies: {}
    packageManagerDependencies:
      '@pnpm/exe':
        specifier: 11.23.0
        version: 11.23.0
      pnpm:
        specifier: 11.23.0
        version: 11.23.0

packages:

  '@pnpm/exe@11.23.0':
    resolution: {integrity: sha512-jBLtRlIloG7OdqEI4DCIQIIVrGMRlnMQxV+cq2BuBB8dhRVBHrNLHi1X2in1bI8Oa6xusPZtEWYgLwm8VkaNmQ==}
    hasBin: true

  '@pnpm/linux-arm64@11.23.0':
    resolution: {integrity: sha512-IthFHf+6VvyfBJQXVPbYOhwexdrxD99uKJrPCd0i5igUI99c2QP85BnE0tLUZwes9eETBlE8gbCuXIIdhjFY6Q==}
    cpu: [arm64]
    os: [linux]

  '@pnpm/linux-x64@11.23.0':
    resolution: {integrity: sha512-DuxEM0gZqo/oq+OgJU09tYCGvoKow8xAntuqWVvH5+OQiiGU0raEJu7Gj/lsKj4Q5aPWG5vpUeN8S8ClbrtNwQ==}
    cpu: [x64]
    os: [linux]

  '@pnpm/linuxstatic-arm64@11.23.0':
    resolution: {integrity: sha512-d0lt2+zCtclW1URgeBZKEd8frAlBVvRgPxHq0ED4Zfrprm4wrilBi5enzZ5JtePVN7PSiPmj8wfpHRBzWBox2A==}
    cpu: [arm64]
    os: [linux]
    libc: [musl]

  '@pnpm/linuxstatic-x64@11.23.0':
    resolution: {integrity: sha512-MrQVTtzneSy9DSFr3FdOA7u+o2ci/YsAGnRQ7u/IuQTzvJpLv9d4u2orB1MjB9f2/Hqb3FyAdrAYBvPxss1Ldg==}
    cpu: [x64]
    os: [linux]
    libc: [musl]

  '@pnpm/macos-arm64@11.23.0':
    resolution: {integrity: sha512-sdMdxDAhtznQjGQxP9msVIiBm7R9J1yHw/oIdKJepLbG6UtLFASkZ/GlJNm+mxifTinsFplntrA4qigiVesfcw==}
    cpu: [arm64]
    os: [darwin]

  '@pnpm/win-arm64@11.23.0':
    resolution: {integrity: sha512-d60y5JBlWmGJ2ve7Ob/P9TePSL1uPqW40r5k1i1MZeR28n6GUgIeeGlMAU6mb9ACP3i8BFbu3AnP7q3kpOYmPQ==}
    cpu: [arm64]
    os: [win32]

  '@pnpm/win-x64@11.23.0':
    resolution: {integrity: sha512-I4CY5dtaSfH2Ws1Ya8IB3cABqsJ+FS8yJgKG53bq1Ya2WMnB7rTR1LQcgyDoN0baEYD8kjXy1ehHikP11UBziw==}
    cpu: [x64]
    os: [win32]

  '@reflink/reflink-darwin-arm64@0.1.19':
    resolution: {integrity: sha512-ruy44Lpepdk1FqDz38vExBY/PVUsjxZA+chd9wozjUH9JjuDT/HEaQYA6wYN9mf041l0yLVar6BCZuWABJvHSA==}
    engines: {node: '>= 10'}
    cpu: [arm64]
    os: [darwin]

  '@reflink/reflink-darwin-x64@0.1.19':
    resolution: {integrity: sha512-By85MSWrMZa+c26TcnAy8SDk0sTUkYlNnwknSchkhHpGXOtjNDUOxJE9oByBnGbeuIE1PiQsxDG3Ud+IVV9yuA==}
    engines: {node: '>= 10'}
    cpu: [x64]
    os: [darwin]

  '@reflink/reflink-linux-arm64-gnu@0.1.19':
    resolution: {integrity: sha512-7P+er8+rP9iNeN+bfmccM4hTAaLP6PQJPKWSA4iSk2bNvo6KU6RyPgYeHxXmzNKzPVRcypZQTpFgstHam6maVg==}
    engines: {node: '>= 10'}
    cpu: [arm64]
    os: [linux]
    libc: [glibc]

  '@reflink/reflink-linux-arm64-musl@0.1.19':
    resolution: {integrity: sha512-37iO/Dp6m5DDaC2sf3zPtx/hl9FV3Xze4xoYidrxxS9bgP3S8ALroxRK6xBG/1TtfXKTvolvp+IjrUU6ujIGmA==}
    engines: {node: '>= 10'}
    cpu: [arm64]
    os: [linux]
    libc: [musl]

  '@reflink/reflink-linux-x64-gnu@0.1.19':
    resolution: {integrity: sha512-jbI8jvuYCaA3MVUdu8vLoLAFqC+iNMpiSuLbxlAgg7x3K5bsS8nOpTRnkLF7vISJ+rVR8W+7ThXlXlUQ93ulkw==}
    engines: {node: '>= 10'}
    cpu: [x64]
    os: [linux]
    libc: [glibc]

  '@reflink/reflink-linux-x64-musl@0.1.19':
    resolution: {integrity: sha512-e9FBWDe+lv7QKAwtKOt6A2W/fyy/aEEfr0g6j/hWzvQcrzHCsz07BNQYlNOjTfeytrtLU7k449H1PI95jA4OjQ==}
    engines: {node: '>= 10'}
    cpu: [x64]
    os: [linux]
    libc: [musl]

  '@reflink/reflink-win32-arm64-msvc@0.1.19':
    resolution: {integrity: sha512-09PxnVIQcd+UOn4WAW73WU6PXL7DwGS6wPlkMhMg2zlHHG65F3vHepOw06HFCq+N42qkaNAc8AKIabWvtk6cIQ==}
    engines: {node: '>= 10'}
    cpu: [arm64]
    os: [win32]

  '@reflink/reflink-win32-x64-msvc@0.1.19':
    resolution: {integrity: sha512-E//yT4ni2SyhwP8JRjVGWr3cbnhWDiPLgnQ66qqaanjjnMiu3O/2tjCPQXlcGc/DEYofpDc9fvhv6tALQsMV9w==}
    engines: {node: '>= 10'}
    cpu: [x64]
    os: [win32]

  '@reflink/reflink@0.1.19':
    resolution: {integrity: sha512-DmCG8GzysnCZ15bres3N5AHCmwBwYgp0As6xjhQ47rAUTUXxJiK+lLUxaGsX3hd/30qUpVElh05PbGuxRPgJwA==}
    engines: {node: '>= 10'}

  detect-libc@2.1.2:
    resolution: {integrity: sha512-Btj2BOOO83o3WyH59e8MgXsxEQVcarkUOpEYrubB0urwnN10yQ364rsiByU11nZlqWYZm05i/of7io4mzihBtQ==}
    engines: {node: '>=8'}

  pnpm@11.23.0:
    resolution: {integrity: sha512-8ACC5bKDoZm3Tgedoo0VXACP4jL0TIoG6n3foBTs9xn8Ni95DsxnsoEG3awq+yTEmpoHkVnaVgss59Hpjv0Rrw==}
    engines: {node: '>=22.13'}
    hasBin: true

snapshots:

  '@pnpm/exe@11.23.0':
    dependencies:
      '@reflink/reflink': 0.1.19
      detect-libc: 2.1.2
    optionalDependencies:
      '@pnpm/linux-arm64': 11.23.0
      '@pnpm/linux-x64': 11.23.0
      '@pnpm/linuxstatic-arm64': 11.23.0
      '@pnpm/linuxstatic-x64': 11.23.0
      '@pnpm/macos-arm64': 11.23.0
      '@pnpm/win-arm64': 11.23.0
      '@pnpm/win-x64': 11.23.0

  '@pnpm/linux-arm64@11.23.0':
    optional: true

  '@pnpm/linux-x64@11.23.0':
    optional: true

  '@pnpm/linuxstatic-arm64@11.23.0':
    optional: true

  '@pnpm/linuxstatic-x64@11.23.0':
    optional: true

  '@pnpm/macos-arm64@11.23.0':
    optional: true

  '@pnpm/win-arm64@11.23.0':
    optional: true

  '@pnpm/win-x64@11.23.0':
    optional: true

  '@reflink/reflink-darwin-arm64@0.1.19':
    optional: true

  '@reflink/reflink-darwin-x64@0.1.19':
    optional: true

  '@reflink/reflink-linux-arm64-gnu@0.1.19':
    optional: true

  '@reflink/reflink-linux-arm64-musl@0.1.19':
    optional: true

  '@reflink/reflink-linux-x64-gnu@0.1.19':
    optional: true

  '@reflink/reflink-linux-x64-musl@0.1.19':
    optional: true

  '@reflink/reflink-win32-arm64-msvc@0.1.19':
    optional: true

  '@reflink/reflink-win32-x64-msvc@0.1.19':
    optional: true

  '@reflink/reflink@0.1.19':
    optionalDependencies:
      '@reflink/reflink-darwin-arm64': 0.1.19
      '@reflink/reflink-darwin-x64': 0.1.19
      '@reflink/reflink-linux-arm64-gnu': 0.1.19
      '@reflink/reflink-linux-arm64-musl': 0.1.19
      '@reflink/reflink-linux-x64-gnu': 0.1.19
      '@reflink/reflink-linux-x64-musl': 0.1.19
      '@reflink/reflink-win32-arm64-msvc': 0.1.19
      '@reflink/reflink-win32-x64-msvc': 0.1.19

  detect-libc@2.1.2: {}

  pnpm@11.23.0: {}

---
lockfileVersion: '9.0'

settings:
  autoInstallPeers: true
  excludeLinksFromLockfile: false

importers:

  .:
    devDependencies:
      oxfmt:
        specifier: ^0.65.0
        version: 0.65.0
      oxlint:
        specifier: ^1.80.0
        version: 1.80.0
      servor:
        specifier: ^4.0.2
        version: 4.0.2

packages:

  '@oxfmt/binding-android-arm-eabi@0.65.0':
    resolution: {integrity: sha512-M10Gs1SSpTNI6ahGx3M/OlIdUF4hkaP6OgUb+MS79t/Pgflk3r1nW5gPFqsZGUAXg0H1AfANT9AvLdBSTIhZKg==}
    engines: {node: ^20.19.0 || >=22.12.0}
    cpu: [arm]
    os: [android]

  '@oxfmt/binding-android-arm64@0.65.0':
    resolution: {integrity: sha512-6DXH5sftNlaHpWJG50hFMF+Qxtq5D2TmahvcDPxWNcGIf8qrC9Y0YgHYcYZ2hlWzaccKXh/f3GcssH8vtkl4JA==}
    engines: {node: ^20.19.0 || >=22.12.0}
    cpu: [arm64]
    os: [android]

  '@oxfmt/binding-darwin-arm64@0.65.0':
    resolution: {integrity: sha512-K9m7lr53pcOLETNsC88sWes/GWHUGjZyHx95UhYcSXy0r30haLdeXlSufSenEAtoLaW753WN8/l4M7GYcRt6cg==}
    engines: {node: ^20.19.0 || >=22.12.0}
    cpu: [arm64]
    os: [darwin]

  '@oxfmt/binding-darwin-x64@0.65.0':
    resolution: {integrity: sha512-sTNwIx1gre3MyiHOPLu7IGW4UyMScYL4DTmJT01p4vzB0En+OJUQz6KuH8t0PpsClRSaMuY3b0QmtoPItfO8Lg==}
    engines: {node: ^20.19.0 || >=22.12.0}
    cpu: [x64]
    os: [darwin]

  '@oxfmt/binding-freebsd-x64@0.65.0':
    resolution: {integrity: sha512-lYZMVIiIpnjGu5hJb2jxA8NYQ/e0OTGuaiAf4dqlGPNnPmUTu23FZRMltmjro/KkQm1uE4NT4n5yJ2zWmKcpfA==}
    engines: {node: ^20.19.0 || >=22.12.0}
    cpu: [x64]
    os: [freebsd]

  '@oxfmt/binding-linux-arm-gnueabihf@0.65.0':
    resolution: {integrity: sha512-gIdXFAt/bURnjxuoedDEWdZ0PEWEmdDcm8qdpoFYYvW3QMk/5D4vUaH4mlMeRpeTdST4izUgHVO6RawQ4QulJw==}
    engines: {node: ^20.19.0 || >=22.12.0}
    cpu: [arm]
    os: [linux]

  '@oxfmt/binding-linux-arm-musleabihf@0.65.0':
    resolution: {integrity: sha512-jJVyADto7gA2AaX5qAjAexrxx9PJQaKWOe8PICE7yKMbjBRyOHcmj9TtVJ+MZYDUQ3hodU0AcoTj0jFQ1W4C6Q==}
    engines: {node: ^20.19.0 || >=22.12.0}
    cpu: [arm]
    os: [linux]

  '@oxfmt/binding-linux-arm64-gnu@0.65.0':
    resolution: {integrity: sha512-p3RFkB+u7u+8up99b/NEcI1hdpLDiGgJYNwDorB60n7eH+eKposAKuMBxx+NqB3b+sJP4CZmYDh9G7X62tUsKg==}
    engines: {node: ^20.19.0 || >=22.12.0}
    cpu: [arm64]
    os: [linux]
    libc: [glibc]

  '@oxfmt/binding-linux-arm64-musl@0.65.0':
    resolution: {integrity: sha512-5Prb0uFzJHr+OUD/qS/TmU526wD+PaHDsm3KoRiUXbMIDpTSErjeQYkK3OQeshAvD/PuLa9WGEi9WPajjdOZJg==}
    engines: {node: ^20.19.0 || >=22.12.0}
    cpu: [arm64]
    os: [linux]
    libc: [musl]

  '@oxfmt/binding-linux-ppc64-gnu@0.65.0':
    resolution: {integrity: sha512-S8svxTp81obnF3admN9yd+u2rOYXtyzThLGBTg1PY6TPtGcC09BaaXLQD+TBSMa7yvqhCDZ8DFri+S/yG60qCg==}
    engines: {node: ^20.19.0 || >=22.12.0}
    cpu: [ppc64]
    os: [linux]
    libc: [glibc]

  '@oxfmt/binding-linux-riscv64-gnu@0.65.0':
    resolution: {integrity: sha512-WtXBr75G/h2qOHy8SiGtC1R6aS3jt4mE52v1D8AtwMXIgoOmSNP9lKvbSaTRoL0e5wsMPoi6T72QWDYPu+S+nA==}
    engines: {node: ^20.19.0 || >=22.12.0}
    cpu: [riscv64]
    os: [linux]
    libc: [glibc]

  '@oxfmt/binding-linux-riscv64-musl@0.65.0':
    resolution: {integrity: sha512-YwSLVvpaz4o/nv/miiPEBJz+eJ+VmbgNIrao6RccK9ce+L5EA8wP+ZD0uFeq6wKOza6zoWv/dR0sj6lip6R3EA==}
    engines: {node: ^20.19.0 || >=22.12.0}
    cpu: [riscv64]
    os: [linux]
    libc: [musl]

  '@oxfmt/binding-linux-s390x-gnu@0.65.0':
    resolution: {integrity: sha512-XQTPqgvyrgkKcFq+Tp2eK6JS7sqqJ+nRmy2Fav4j3I+i4dJoPJm7YwEdoeSDX9xkqj9jZ/lWfF3bXUWztIrn6A==}
    engines: {node: ^20.19.0 || >=22.12.0}
    cpu: [s390x]
    os: [linux]
    libc: [glibc]

  '@oxfmt/binding-linux-x64-gnu@0.65.0':
    resolution: {integrity: sha512-cjZlx6S/VkeCNWCbwZriTnLnZeTcV3DEyeRGSw/2wwLP9viq+C0bJ4bC1k/ZLkFxDcB1lUgSasPkYGP1bdraOg==}
    engines: {node: ^20.19.0 || >=22.12.0}
    cpu: [x64]
    os: [linux]
    libc: [glibc]

  '@oxfmt/binding-linux-x64-musl@0.65.0':
    resolution: {integrity: sha512-2azCjxdLtK4zCcIOU1dlXlU0xxfbPi6EjwWx7Ac7teWPidIIDOcIhudup83xNCKYhtqeVd/gaVDOxbUq4syXWA==}
    engines: {node: ^20.19.0 || >=22.12.0}
    cpu: [x64]
    os: [linux]
    libc: [musl]

  '@oxfmt/binding-openharmony-arm64@0.65.0':
    resolution: {integrity: sha512-KXQ7xi1e/voP0IQaw6fG6XY4Z5+Llf1XmRSZS1t7pVFCecFJ0iXaboKmVwjFtp5MLlT5iWQrJ2U1C3GJdZ2u+Q==}
    engines: {node: ^20.19.0 || >=22.12.0}
    cpu: [arm64]
    os: [openharmony]

  '@oxfmt/binding-win32-arm64-msvc@0.65.0':
    resolution: {integrity: sha512-2FbbjG5jEqLSLKVJwBap84uJfpn5Y5A53KEO0aUNr+zeiRB9nyPUIFMcSbZVMFLitfBytFWRNngozXYjb6Rsbw==}
    engines: {node: ^20.19.0 || >=22.12.0}
    cpu: [arm64]
    os: [win32]

  '@oxfmt/binding-win32-ia32-msvc@0.65.0':
    resolution: {integrity: sha512-LJ+ZacAPSjegDOnSLyA1TMWAhdDrsK4el3REdr1oL2UtVBCMhO2II/Sb3cEW6mF2MfLhl8hDNCSvc7KSbgk3LQ==}
    engines: {node: ^20.19.0 || >=22.12.0}
    cpu: [ia32]
    os: [win32]

  '@oxfmt/binding-win32-x64-msvc@0.65.0':
    resolution: {integrity: sha512-higu9cWEO6XXFzATD1jf0mCK34rNfN2H9JrJie7QB1IhleVpTh0QlLH9Ip2C1H/Nd5n0v5pvRtC+5R0uE4HpVg==}
    engines: {node: ^20.19.0 || >=22.12.0}
    cpu: [x64]
    os: [win32]

  '@oxlint/binding-android-arm-eabi@1.80.0':
    resolution: {integrity: sha512-RM3Plj+biQpxa5d1GOOX6ciDlcUROmm4OZ/pLTpitkQt2mJv4jhtY4cbgaetOm5UKWZe05/TGQ6o1Vl8EOHkrA==}
    engines: {node: ^20.19.0 || >=22.12.0}
    cpu: [arm]
    os: [android]

  '@oxlint/binding-android-arm64@1.80.0':
    resolution: {integrity: sha512-YlO5JEf0Yr2bUUlu8O8daVcUxtcGGbcSmyV7E7nSbJbfAdxTE0PFPwgnIlw7wXJaTYjb+qs5hI5q3jxUkI7cAw==}
    engines: {node: ^20.19.0 || >=22.12.0}
    cpu: [arm64]
    os: [android]

  '@oxlint/binding-darwin-arm64@1.80.0':
    resolution: {integrity: sha512-BULDOyO3AhsmdWfQeIUCykDt3dd7XZBGLhp1eIh56skRv01O+cNjNPwXMIbeW1x4+pxcln5if72wcRgViVo7PA==}
    engines: {node: ^20.19.0 || >=22.12.0}
    cpu: [arm64]
    os: [darwin]

  '@oxlint/binding-darwin-x64@1.80.0':
    resolution: {integrity: sha512-YJ4JzLw7N5TDSQFlA0hAQGHvnDZgyypm1yunObVWcWiF9KM7eGCJKYKLgTC2Fi/57OdnBhbj4OkzPGdFQJ6HyA==}
    engines: {node: ^20.19.0 || >=22.12.0}
    cpu: [x64]
    os: [darwin]

  '@oxlint/binding-freebsd-x64@1.80.0':
    resolution: {integrity: sha512-AYUIk5QnL0s8oWAYsREZwkRYy1SupJTXALo93J1TgzHywxQtdM99FecRMQ87MXEdPQ0j1TmEpeeq3fGNkpvMqg==}
    engines: {node: ^20.19.0 || >=22.12.0}
    cpu: [x64]
    os: [freebsd]

  '@oxlint/binding-linux-arm-gnueabihf@1.80.0':
    resolution: {integrity: sha512-9hBZVANupQ89W9dXyE0n8doCyaW5pDyGn3y6XlIMPZ+rIKuyqkr3SNUXmVJIhuvUq0NBU3RBiSXXE69l4XI6KA==}
    engines: {node: ^20.19.0 || >=22.12.0}
    cpu: [arm]
    os: [linux]

  '@oxlint/binding-linux-arm-musleabihf@1.80.0':
    resolution: {integrity: sha512-SvS2uKqzY+pbfuvAHzH4338R6Zwo805GAwrIMVvK1KxoOWCIjZUdfzTCvilD7z6JK91v011+zYMryabhDo2AsQ==}
    engines: {node: ^20.19.0 || >=22.12.0}
    cpu: [arm]
    os: [linux]

  '@oxlint/binding-linux-arm64-gnu@1.80.0':
    resolution: {integrity: sha512-tCLadyqRVL3pQTRPNg7cjXKvcvS4fbyXeQHhKk5BTJ1oftQln5/yIIWbu/Xom/DX41zv2P9QGt6+D/TtQVtY3A==}
    engines: {node: ^20.19.0 || >=22.12.0}
    cpu: [arm64]
    os: [linux]
    libc: [glibc]

  '@oxlint/binding-linux-arm64-musl@1.80.0':
    resolution: {integrity: sha512-XfpCNRlOPcLlJl4Bn/FUhjqlR6BVavEykERBf/MV7YA9VZDa5g5znVqYhyviMafcxS9Pe/i/kPvHNO0U6svEHQ==}
    engines: {node: ^20.19.0 || >=22.12.0}
    cpu: [arm64]
    os: [linux]
    libc: [musl]

  '@oxlint/binding-linux-ppc64-gnu@1.80.0':
    resolution: {integrity: sha512-3I4yMwcFG9NeO8ioY6JBBuKsIm5GL/x7MATt1S4tVWaxPu5HcJ+XnLUbcVBTxG8q2Wu56HSj+NmXQiVYb1lp6A==}
    engines: {node: ^20.19.0 || >=22.12.0}
    cpu: [ppc64]
    os: [linux]
    libc: [glibc]

  '@oxlint/binding-linux-riscv64-gnu@1.80.0':
    resolution: {integrity: sha512-E1wAKymkpe1/E8helzBKdm81OBOF+ezxRyXRMEuik3ZpWDER5CPOKZwF66RsdwW98uwZv8UTFremUQtC1CzdJA==}
    engines: {node: ^20.19.0 || >=22.12.0}
    cpu: [riscv64]
    os: [linux]
    libc: [glibc]

  '@oxlint/binding-linux-riscv64-musl@1.80.0':
    resolution: {integrity: sha512-+gLRGD4sIo3+VA++iham5UxD9tKSoJ/VOrROCEXIcknrYtQg6iIQgvjN0cpiRF7N6UYC7pJbvHJlDnMge5LRpQ==}
    engines: {node: ^20.19.0 || >=22.12.0}
    cpu: [riscv64]
    os: [linux]
    libc: [musl]

  '@oxlint/binding-linux-s390x-gnu@1.80.0':
    resolution: {integrity: sha512-aR0PrzHj9leW3NmzBAAP4EzdoBNoJcs9sjnIQPIwyRnBGYrRbXUIpEB5Q39AqK3PLY5JK5uEhDQDiUa1QSAstw==}
    engines: {node: ^20.19.0 || >=22.12.0}
    cpu: [s390x]
    os: [linux]
    libc: [glibc]

  '@oxlint/binding-linux-x64-gnu@1.80.0':
    resolution: {integrity: sha512-vSVh5cSo3Xxs6ghBCcFJlpbkbENzDog1qXtoXLa/HC3aCrR4XO76GZbXmQoCPHnu99nQpdCeC3H9tdNICfDh7A==}
    engines: {node: ^20.19.0 || >=22.12.0}
    cpu: [x64]
    os: [linux]
    libc: [glibc]

  '@oxlint/binding-linux-x64-musl@1.80.0':
    resolution: {integrity: sha512-FfzBXpNQ8u7/ZI/p8bl73MeZ508Ax3hxWp3SiJpEFiC+BB9XcXy5FAZHTLKDPSzrUpxQZSZJAVdDmuJp/+HDBQ==}
    engines: {node: ^20.19.0 || >=22.12.0}
    cpu: [x64]
    os: [linux]
    libc: [musl]

  '@oxlint/binding-openharmony-arm64@1.80.0':
    resolution: {integrity: sha512-zMzbkumtmprCgRwoYNzcB3iC39fXdJIMLMU33KdCjEGLlJGOEt1+LwQ4LF8ndLzAEKVz4BR0y3V6Xrkk3Nm3yA==}
    engines: {node: ^20.19.0 || >=22.12.0}
    cpu: [arm64]
    os: [openharmony]

  '@oxlint/binding-win32-arm64-msvc@1.80.0':
    resolution: {integrity: sha512-ib6iRcrXsk4t1fm3iKcwksyWh1ZkZXC/2mEzakl0ai2+6HZunf1WWMZ/xP9EJAvw9g9K4UVTC3NF/+G2qLrbTQ==}
    engines: {node: ^20.19.0 || >=22.12.0}
    cpu: [arm64]
    os: [win32]

  '@oxlint/binding-win32-ia32-msvc@1.80.0':
    resolution: {integrity: sha512-xhRWBMpLxZvgKAH6+DJZmpP+W8Y8UdQOSU1JfxSWNXsaBaRGW77j+1hCuNHlzj7OH4SPN8fYd1q0o2qrDtoVyw==}
    engines: {node: ^20.19.0 || >=22.12.0}
    cpu: [ia32]
    os: [win32]

  '@oxlint/binding-win32-x64-msvc@1.80.0':
    resolution: {integrity: sha512-yAnO7lwBYQnz2pcfBPIGQQZWIX5zd5R/1aAKIF3oE+TVj7IhoHcROjOkz3sRDngzqhfPKfFaXqug5j5rE5dn6Q==}
    engines: {node: ^20.19.0 || >=22.12.0}
    cpu: [x64]
    os: [win32]

  oxfmt@0.65.0:
    resolution: {integrity: sha512-SgS5VgnP42T0zl3zWD+xoH8FCqg1SAFnSRoOT/qeoa6gxcYIqrDMOmcXIg/EWSN92Du4ogB4riuKhKd6Y4CGhw==}
    engines: {node: ^20.19.0 || >=22.12.0}
    hasBin: true
    peerDependencies:
      svelte: ^5.0.0
      vite-plus: '*'
    peerDependenciesMeta:
      svelte:
        optional: true
      vite-plus:
        optional: true

  oxlint@1.80.0:
    resolution: {integrity: sha512-5nTiSps4qdbCWLbxzuO00alHkEO2exR9YMN/ig6QXWrLsYSG0KaObOAM+l6oU2LcKPWoSAGYbkZIGEu1ViiWKA==}
    engines: {node: ^20.19.0 || >=22.12.0}
    hasBin: true
    peerDependencies:
      oxlint-tsgolint: '>=7.0.2001'
      vite-plus: '*'
    peerDependenciesMeta:
      oxlint-tsgolint:
        optional: true
      vite-plus:
        optional: true

  servor@4.0.2:
    resolution: {integrity: sha512-MlmQ5Ntv4jDYUN060x/KEmN7emvIqKMZ9OkM+nY8Bf2+KkyLmGsTqWLyAN2cZr5oESAcH00UanUyyrlS1LRjFw==}
    hasBin: true

  tinypool@2.1.0:
    resolution: {integrity: sha512-Pugqs6M0m7Lv1I7FtxN4aoyToKg1C4tu+/381vH35y8oENM/Ai7f7C4StcoK4/+BSw9ebcS8jRiVrORFKCALLw==}
    engines: {node: ^20.0.0 || >=22.0.0}

snapshots:

  '@oxfmt/binding-android-arm-eabi@0.65.0':
    optional: true

  '@oxfmt/binding-android-arm64@0.65.0':
    optional: true

  '@oxfmt/binding-darwin-arm64@0.65.0':
    optional: true

  '@oxfmt/binding-darwin-x64@0.65.0':
    optional: true

  '@oxfmt/binding-freebsd-x64@0.65.0':
    optional: true

  '@oxfmt/binding-linux-arm-gnueabihf@0.65.0':
    optional: true

  '@oxfmt/binding-linux-arm-musleabihf@0.65.0':
    optional: true

  '@oxfmt/binding-linux-arm64-gnu@0.65.0':
    optional: true

  '@oxfmt/binding-linux-arm64-musl@0.65.0':
    optional: true

  '@oxfmt/binding-linux-ppc64-gnu@0.65.0':
    optional: true

  '@oxfmt/binding-linux-riscv64-gnu@0.65.0':
    optional: true

  '@oxfmt/binding-linux-riscv64-musl@0.65.0':
    optional: true

  '@oxfmt/binding-linux-s390x-gnu@0.65.0':
    optional: true

  '@oxfmt/binding-linux-x64-gnu@0.65.0':
    optional: true

  '@oxfmt/binding-linux-x64-musl@0.65.0':
    optional: true

  '@oxfmt/binding-openharmony-arm64@0.65.0':
    optional: true

  '@oxfmt/binding-win32-arm64-msvc@0.65.0':
    optional: true

  '@oxfmt/binding-win32-ia32-msvc@0.65.0':
    optional: true

  '@oxfmt/binding-win32-x64-msvc@0.65.0':
    optional: true

  '@oxlint/binding-android-arm-eabi@1.80.0':
    optional: true

  '@oxlint/binding-android-arm64@1.80.0':
    optional: true

  '@oxlint/binding-darwin-arm64@1.80.0':
    optional: true

  '@oxlint/binding-darwin-x64@1.80.0':
    optional: true

  '@oxlint/binding-freebsd-x64@1.80.0':
    optional: true

  '@oxlint/binding-linux-arm-gnueabihf@1.80.0':
    optional: true

  '@oxlint/binding-linux-arm-musleabihf@1.80.0':
    optional: true

  '@oxlint/binding-linux-arm64-gnu@1.80.0':
    optional: true

  '@oxlint/binding-linux-arm64-musl@1.80.0':
    optional: true

  '@oxlint/binding-linux-ppc64-gnu@1.80.0':
    optional: true

  '@oxlint/binding-linux-riscv64-gnu@1.80.0':
    optional: true

  '@oxlint/binding-linux-riscv64-musl@1.80.0':
    optional: true

  '@oxlint/binding-linux-s390x-gnu@1.80.0':
    optional: true

  '@oxlint/binding-linux-x64-gnu@1.80.0':
    optional: true

  '@oxlint/binding-linux-x64-musl@1.80.0':
    optional: true

  '@oxlint/binding-openharmony-arm64@1.80.0':
    optional: true

  '@oxlint/binding-win32-arm64-msvc@1.80.0':
    optional: true

  '@oxlint/binding-win32-ia32-msvc@1.80.0':
    optional: true

  '@oxlint/binding-win32-x64-msvc@1.80.0':
    optional: true

  oxfmt@0.65.0:
    dependencies:
      tinypool: 2.1.0
    optionalDependencies:
      '@oxfmt/binding-android-arm-eabi': 0.65.0
      '@oxfmt/binding-android-arm64': 0.65.0
      '@oxfmt/binding-darwin-arm64': 0.65.0
      '@oxfmt/binding-darwin-x64': 0.65.0
      '@oxfmt/binding-freebsd-x64': 0.65.0
      '@oxfmt/binding-linux-arm-gnueabihf': 0.65.0
      '@oxfmt/binding-linux-arm-musleabihf': 0.65.0
      '@oxfmt/binding-linux-arm64-gnu': 0.65.0
      '@oxfmt/binding-linux-arm64-musl': 0.65.0
      '@oxfmt/binding-linux-ppc64-gnu': 0.65.0
      '@oxfmt/binding-linux-riscv64-gnu': 0.65.0
      '@oxfmt/binding-linux-riscv64-musl': 0.65.0
      '@oxfmt/binding-linux-s390x-gnu': 0.65.0
      '@oxfmt/binding-linux-x64-gnu': 0.65.0
      '@oxfmt/binding-linux-x64-musl': 0.65.0
      '@oxfmt/binding-openharmony-arm64': 0.65.0
      '@oxfmt/binding-win32-arm64-msvc': 0.65.0
      '@oxfmt/binding-win32-ia32-msvc': 0.65.0
      '@oxfmt/binding-win32-x64-msvc': 0.65.0

  oxlint@1.80.0:
    optionalDependencies:
      '@oxlint/binding-android-arm-eabi': 1.80.0
      '@oxlint/binding-android-arm64': 1.80.0
      '@oxlint/binding-darwin-arm64': 1.80.0
      '@oxlint/binding-darwin-x64': 1.80.0
      '@oxlint/binding-freebsd-x64': 1.80.0
      '@oxlint/binding-linux-arm-gnueabihf': 1.80.0
      '@oxlint/binding-linux-arm-musleabihf': 1.80.0
      '@oxlint/binding-linux-arm64-gnu': 1.80.0
      '@oxlint/binding-linux-arm64-musl': 1.80.0
      '@oxlint/binding-linux-ppc64-gnu': 1.80.0
      '@oxlint/binding-linux-riscv64-gnu': 1.80.0
      '@oxlint/binding-linux-riscv64-musl': 1.80.0
      '@oxlint/binding-linux-s390x-gnu': 1.80.0
      '@oxlint/binding-linux-x64-gnu': 1.80.0
      '@oxlint/binding-linux-x64-musl': 1.80.0
      '@oxlint/binding-openharmony-arm64': 1.80.0
      '@oxlint/binding-win32-arm64-msvc': 1.80.0
      '@oxlint/binding-win32-ia32-msvc': 1.80.0
      '@oxlint/binding-win32-x64-msvc': 1.80.0

  servor@4.0.2: {}

  tinypool@2.1.0: {}
